
Microsoft Visual Studio Solution File, Format Version 12.00
# Visual Studio 2013
VisualStudioVersion = 12.0.31101.0
MinimumVisualStudioVersion = 10.0.40219.1
Project("{FAE04EC0-301F-11D3-BF4B-00C04F79EFBC}") = "EduPortal", "EduPortal\EduPortal.csproj", "{BE0AE2E0-CDEB-479F-8AA6-FA273AC5509A}"
EndProject
Project("{FAE04EC0-301F-11D3-BF4B-00C04F79EFBC}") = "EduPortal.Core", "EduPortal.Core\EduPortal.Core.csproj", "{871E29A5-747A-4C43-BEF6-CF3C79575DB4}"
EndProject
Project("{FAE04EC0-301F-11D3-BF4B-00C04F79EFBC}") = "EduPortal.Systems", "EduPortal.Systems\EduPortal.Systems.csproj", "{72299D31-C804-40A7-BF9F-2F1538AE20DD}"
EndProject
Global
	GlobalSection(SolutionConfigurationPlatforms) = preSolution
		Debug|Any CPU = Debug|Any CPU
		Release|Any CPU = Release|Any CPU
	EndGlobalSection
	GlobalSection(ProjectConfigurationPlatforms) = postSolution
		{BE0AE2E0-CDEB-479F-8AA6-FA273AC5509A}.Debug|Any CPU.ActiveCfg = Debug|Any CPU
		{BE0AE2E0-CDEB-479F-8AA6-FA273AC5509A}.Debug|Any CPU.Build.0 = Debug|Any CPU
		{BE0AE2E0-CDEB-479F-8AA6-FA273AC5509A}.Release|Any CPU.ActiveCfg = Release|Any CPU
		{BE0AE2E0-CDEB-479F-8AA6-FA273AC5509A}.Release|Any CPU.Build.0 = Release|Any CPU
		{871E29A5-747A-4C43-BEF6-CF3C79575DB4}.Debug|Any CPU.ActiveCfg = Debug|Any CPU
		{871E29A5-747A-4C43-BEF6-CF3C79575DB4}.Debug|Any CPU.Build.0 = Debug|Any CPU
		{871E29A5-747A-4C43-BEF6-CF3C79575DB4}.Release|Any CPU.ActiveCfg = Release|Any CPU
		{871E29A5-747A-4C43-BEF6-CF3C79575DB4}.Release|Any CPU.Build.0 = Release|Any CPU
		{72299D31-C804-40A7-BF9F-2F1538AE20DD}.Debug|Any CPU.ActiveCfg = Debug|Any CPU
		{72299D31-C804-40A7-BF9F-2F1538AE20DD}.Debug|Any CPU.Build.0 = Debug|Any CPU
		{72299D31-C804-40A7-BF9F-2F1538AE20DD}.Release|Any CPU.ActiveCfg = Release|Any CPU
		{72299D31-C804-40A7-BF9F-2F1538AE20DD}.Release|Any CPU.Build.0 = Release|Any CPU
	EndGlobalSection
	GlobalSection(SolutionProperties) = preSolution
		HideSolutionNode = FALSE
	EndGlobalSection
EndGlobal
